// !$*UTF8*$!
{
	archiveVersion = 1;
	classes = {
	};
	objectVersion = 56;
	objects = {

/* Begin PBXBuildFile section */
		3502E1032CFA1D18002D8DBC /* QuantityLimitAlertView.swift in Sources */ = {isa = PBXBuildFile; fileRef = 3502E1022CFA1D18002D8DBC /* QuantityLimitAlertView.swift */; };
		351331AB2CF915BA00C86945 /* MockCartService.swift in Sources */ = {isa = PBXBuildFile; fileRef = 351331AA2CF915BA00C86945 /* MockCartService.swift */; };
		351331AD2CF9160800C86945 /* MockURLProtocol.swift in Sources */ = {isa = PBXBuildFile; fileRef = 351331AC2CF9160800C86945 /* MockURLProtocol.swift */; };
		3537B3452CF5D40D007C117B /* ProductViewModel.swift in Sources */ = {isa = PBXBuildFile; fileRef = 3537B3442CF5D40D007C117B /* ProductViewModel.swift */; };
		3537B3472CF5D4C7007C117B /* AlertData.swift in Sources */ = {isa = PBXBuildFile; fileRef = 3537B3462CF5D4C7007C117B /* AlertData.swift */; };
		3537B34B2CF5DAAE007C117B /* ProductViewModelTests.swift in Sources */ = {isa = PBXBuildFile; fileRef = 3537B34A2CF5DAAE007C117B /* ProductViewModelTests.swift */; };
		3537B34D2CF5DDF0007C117B /* CartBadgeView.swift in Sources */ = {isa = PBXBuildFile; fileRef = 3537B34C2CF5DDF0007C117B /* CartBadgeView.swift */; };
		3537B3502CF5E952007C117B /* ProductDetailView.swift in Sources */ = {isa = PBXBuildFile; fileRef = 3537B34F2CF5E952007C117B /* ProductDetailView.swift */; };
		3537B3542CF5EA7C007C117B /* CartManagerViewModel.swift in Sources */ = {isa = PBXBuildFile; fileRef = 3537B3532CF5EA7C007C117B /* CartManagerViewModel.swift */; };
		3537B3562CF5EB32007C117B /* ProductListView.swift in Sources */ = {isa = PBXBuildFile; fileRef = 3537B3552CF5EB32007C117B /* ProductListView.swift */; };
		3537B3582CF5EBF6007C117B /* ProductGridItem.swift in Sources */ = {isa = PBXBuildFile; fileRef = 3537B3572CF5EBF6007C117B /* ProductGridItem.swift */; };
		3537B35A2CF5EC63007C117B /* CartView.swift in Sources */ = {isa = PBXBuildFile; fileRef = 3537B3592CF5EC63007C117B /* CartView.swift */; };
		354C4A3E2CF775A200F4C06B /* CartManagerViewModelTests.swift in Sources */ = {isa = PBXBuildFile; fileRef = 354C4A3D2CF775A200F4C06B /* CartManagerViewModelTests.swift */; };
		354C4A402CF77A1C00F4C06B /* CartServiceTests.swift in Sources */ = {isa = PBXBuildFile; fileRef = 354C4A3F2CF77A1C00F4C06B /* CartServiceTests.swift */; };
		354C4A422CF77F4D00F4C06B /* LiveAPIServiceTests.swift in Sources */ = {isa = PBXBuildFile; fileRef = 354C4A412CF77F4D00F4C06B /* LiveAPIServiceTests.swift */; };
		35B1597B2CF4B9AF00C7B417 /* Carry1stCommerceApp.swift in Sources */ = {isa = PBXBuildFile; fileRef = 35B1597A2CF4B9AF00C7B417 /* Carry1stCommerceApp.swift */; };
		35B1597D2CF4B9AF00C7B417 /* RootView.swift in Sources */ = {isa = PBXBuildFile; fileRef = 35B1597C2CF4B9AF00C7B417 /* RootView.swift */; };
		35B1597F2CF4B9B100C7B417 /* Assets.xcassets in Resources */ = {isa = PBXBuildFile; fileRef = 35B1597E2CF4B9B100C7B417 /* Assets.xcassets */; };
		35B159822CF4B9B100C7B417 /* Preview Assets.xcassets in Resources */ = {isa = PBXBuildFile; fileRef = 35B159812CF4B9B100C7B417 /* Preview Assets.xcassets */; };
		35B159AE2CF4BF8D00C7B417 /* Product.swift in Sources */ = {isa = PBXBuildFile; fileRef = 35B159AD2CF4BF8D00C7B417 /* Product.swift */; };
		35B159B02CF4D83C00C7B417 /* CartItem.swift in Sources */ = {isa = PBXBuildFile; fileRef = 35B159AF2CF4D83C00C7B417 /* CartItem.swift */; };
		35B159B22CF4DE2300C7B417 /* RequestError.swift in Sources */ = {isa = PBXBuildFile; fileRef = 35B159B12CF4DE2300C7B417 /* RequestError.swift */; };
		35B159B42CF4DFA200C7B417 /* HTTPMethod.swift in Sources */ = {isa = PBXBuildFile; fileRef = 35B159B32CF4DFA200C7B417 /* HTTPMethod.swift */; };
		35B159BA2CF4EBFF00C7B417 /* Endpoint.swift in Sources */ = {isa = PBXBuildFile; fileRef = 35B159B92CF4EBFF00C7B417 /* Endpoint.swift */; };
		35B159BD2CF4EC8000C7B417 /* HTTPClient.swift in Sources */ = {isa = PBXBuildFile; fileRef = 35B159BC2CF4EC8000C7B417 /* HTTPClient.swift */; };
		35B159BF2CF4ECC700C7B417 /* Endpoints.swift in Sources */ = {isa = PBXBuildFile; fileRef = 35B159BE2CF4ECC700C7B417 /* Endpoints.swift */; };
		35B159C12CF4EE0000C7B417 /* APIService.swift in Sources */ = {isa = PBXBuildFile; fileRef = 35B159C02CF4EE0000C7B417 /* APIService.swift */; };
		35B159C32CF4EE7500C7B417 /* ImageLoader.swift in Sources */ = {isa = PBXBuildFile; fileRef = 35B159C22CF4EE7500C7B417 /* ImageLoader.swift */; };
		35B159CA2CF4F0AB00C7B417 /* URLImage.swift in Sources */ = {isa = PBXBuildFile; fileRef = 35B159C92CF4F0AB00C7B417 /* URLImage.swift */; };
		35C385E32CF6971A00628644 /* CartService.swift in Sources */ = {isa = PBXBuildFile; fileRef = 35C385E22CF6971A00628644 /* CartService.swift */; };
/* End PBXBuildFile section */

/* Begin PBXContainerItemProxy section */
		35B159882CF4B9B200C7B417 /* PBXContainerItemProxy */ = {
			isa = PBXContainerItemProxy;
			containerPortal = 35B1596F2CF4B9AF00C7B417 /* Project object */;
			proxyType = 1;
			remoteGlobalIDString = 35B159762CF4B9AF00C7B417;
			remoteInfo = Carry1stCommerce;
		};
/* End PBXContainerItemProxy section */

/* Begin PBXFileReference section */
		3502E1022CFA1D18002D8DBC /* QuantityLimitAlertView.swift */ = {isa = PBXFileReference; lastKnownFileType = sourcecode.swift; path = QuantityLimitAlertView.swift; sourceTree = "<group>"; };
		351331AA2CF915BA00C86945 /* MockCartService.swift */ = {isa = PBXFileReference; lastKnownFileType = sourcecode.swift; path = MockCartService.swift; sourceTree = "<group>"; };
		351331AC2CF9160800C86945 /* MockURLProtocol.swift */ = {isa = PBXFileReference; lastKnownFileType = sourcecode.swift; path = MockURLProtocol.swift; sourceTree = "<group>"; };
		3537B3442CF5D40D007C117B /* ProductViewModel.swift */ = {isa = PBXFileReference; lastKnownFileType = sourcecode.swift; path = ProductViewModel.swift; sourceTree = "<group>"; };
		3537B3462CF5D4C7007C117B /* AlertData.swift */ = {isa = PBXFileReference; lastKnownFileType = sourcecode.swift; path = AlertData.swift; sourceTree = "<group>"; };
		3537B34A2CF5DAAE007C117B /* ProductViewModelTests.swift */ = {isa = PBXFileReference; lastKnownFileType = sourcecode.swift; path = ProductViewModelTests.swift; sourceTree = "<group>"; };
		3537B34C2CF5DDF0007C117B /* CartBadgeView.swift */ = {isa = PBXFileReference; lastKnownFileType = sourcecode.swift; path = CartBadgeView.swift; sourceTree = "<group>"; };
		3537B34F2CF5E952007C117B /* ProductDetailView.swift */ = {isa = PBXFileReference; lastKnownFileType = sourcecode.swift; path = ProductDetailView.swift; sourceTree = "<group>"; };
		3537B3532CF5EA7C007C117B /* CartManagerViewModel.swift */ = {isa = PBXFileReference; lastKnownFileType = sourcecode.swift; path = CartManagerViewModel.swift; sourceTree = "<group>"; };
		3537B3552CF5EB32007C117B /* ProductListView.swift */ = {isa = PBXFileReference; lastKnownFileType = sourcecode.swift; path = ProductListView.swift; sourceTree = "<group>"; };
		3537B3572CF5EBF6007C117B /* ProductGridItem.swift */ = {isa = PBXFileReference; lastKnownFileType = sourcecode.swift; path = ProductGridItem.swift; sourceTree = "<group>"; };
		3537B3592CF5EC63007C117B /* CartView.swift */ = {isa = PBXFileReference; lastKnownFileType = sourcecode.swift; path = CartView.swift; sourceTree = "<group>"; };
		354C4A3D2CF775A200F4C06B /* CartManagerViewModelTests.swift */ = {isa = PBXFileReference; lastKnownFileType = sourcecode.swift; path = CartManagerViewModelTests.swift; sourceTree = "<group>"; };
		354C4A3F2CF77A1C00F4C06B /* CartServiceTests.swift */ = {isa = PBXFileReference; lastKnownFileType = sourcecode.swift; path = CartServiceTests.swift; sourceTree = "<group>"; };
		354C4A412CF77F4D00F4C06B /* LiveAPIServiceTests.swift */ = {isa = PBXFileReference; lastKnownFileType = sourcecode.swift; path = LiveAPIServiceTests.swift; sourceTree = "<group>"; };
		35B159772CF4B9AF00C7B417 /* Carry1stCommerce.app */ = {isa = PBXFileReference; explicitFileType = wrapper.application; includeInIndex = 0; path = Carry1stCommerce.app; sourceTree = BUILT_PRODUCTS_DIR; };
		35B1597A2CF4B9AF00C7B417 /* Carry1stCommerceApp.swift */ = {isa = PBXFileReference; lastKnownFileType = sourcecode.swift; path = Carry1stCommerceApp.swift; sourceTree = "<group>"; };
		35B1597C2CF4B9AF00C7B417 /* RootView.swift */ = {isa = PBXFileReference; lastKnownFileType = sourcecode.swift; path = RootView.swift; sourceTree = "<group>"; };
		35B1597E2CF4B9B100C7B417 /* Assets.xcassets */ = {isa = PBXFileReference; lastKnownFileType = folder.assetcatalog; path = Assets.xcassets; sourceTree = "<group>"; };
		35B159812CF4B9B100C7B417 /* Preview Assets.xcassets */ = {isa = PBXFileReference; lastKnownFileType = folder.assetcatalog; path = "Preview Assets.xcassets"; sourceTree = "<group>"; };
		35B159872CF4B9B200C7B417 /* Carry1stCommerceTests.xctest */ = {isa = PBXFileReference; explicitFileType = wrapper.cfbundle; includeInIndex = 0; path = Carry1stCommerceTests.xctest; sourceTree = BUILT_PRODUCTS_DIR; };
		35B159AD2CF4BF8D00C7B417 /* Product.swift */ = {isa = PBXFileReference; lastKnownFileType = sourcecode.swift; path = Product.swift; sourceTree = "<group>"; };
		35B159AF2CF4D83C00C7B417 /* CartItem.swift */ = {isa = PBXFileReference; lastKnownFileType = sourcecode.swift; path = CartItem.swift; sourceTree = "<group>"; };
		35B159B12CF4DE2300C7B417 /* RequestError.swift */ = {isa = PBXFileReference; lastKnownFileType = sourcecode.swift; path = RequestError.swift; sourceTree = "<group>"; };
		35B159B32CF4DFA200C7B417 /* HTTPMethod.swift */ = {isa = PBXFileReference; lastKnownFileType = sourcecode.swift; path = HTTPMethod.swift; sourceTree = "<group>"; };
		35B159B92CF4EBFF00C7B417 /* Endpoint.swift */ = {isa = PBXFileReference; lastKnownFileType = sourcecode.swift; path = Endpoint.swift; sourceTree = "<group>"; };
		35B159BC2CF4EC8000C7B417 /* HTTPClient.swift */ = {isa = PBXFileReference; lastKnownFileType = sourcecode.swift; path = HTTPClient.swift; sourceTree = "<group>"; };
		35B159BE2CF4ECC700C7B417 /* Endpoints.swift */ = {isa = PBXFileReference; lastKnownFileType = sourcecode.swift; path = Endpoints.swift; sourceTree = "<group>"; };
		35B159C02CF4EE0000C7B417 /* APIService.swift */ = {isa = PBXFileReference; lastKnownFileType = sourcecode.swift; path = APIService.swift; sourceTree = "<group>"; };
		35B159C22CF4EE7500C7B417 /* ImageLoader.swift */ = {isa = PBXFileReference; lastKnownFileType = sourcecode.swift; path = ImageLoader.swift; sourceTree = "<group>"; };
		35B159C92CF4F0AB00C7B417 /* URLImage.swift */ = {isa = PBXFileReference; lastKnownFileType = sourcecode.swift; path = URLImage.swift; sourceTree = "<group>"; };
		35C385E22CF6971A00628644 /* CartService.swift */ = {isa = PBXFileReference; lastKnownFileType = sourcecode.swift; path = CartService.swift; sourceTree = "<group>"; };
/* End PBXFileReference section */

/* Begin PBXFrameworksBuildPhase section */
		35B159742CF4B9AF00C7B417 /* Frameworks */ = {
			isa = PBXFrameworksBuildPhase;
			buildActionMask = 2147483647;
			files = (
			);
			runOnlyForDeploymentPostprocessing = 0;
		};
		35B159842CF4B9B200C7B417 /* Frameworks */ = {
			isa = PBXFrameworksBuildPhase;
			buildActionMask = 2147483647;
			files = (
			);
			runOnlyForDeploymentPostprocessing = 0;
		};
/* End PBXFrameworksBuildPhase section */

/* Begin PBXGroup section */
		351331A92CF915A800C86945 /* Mocks */ = {
			isa = PBXGroup;
			children = (
				351331AC2CF9160800C86945 /* MockURLProtocol.swift */,
				351331AA2CF915BA00C86945 /* MockCartService.swift */,
			);
			path = Mocks;
			sourceTree = "<group>";
		};
		3537B34E2CF5E5BB007C117B /* View */ = {
			isa = PBXGroup;
			children = (
				3537B3552CF5EB32007C117B /* ProductListView.swift */,
				3537B34F2CF5E952007C117B /* ProductDetailView.swift */,
				3537B3572CF5EBF6007C117B /* ProductGridItem.swift */,
			);
			path = View;
			sourceTree = "<group>";
		};
		35B1596E2CF4B9AF00C7B417 = {
			isa = PBXGroup;
			children = (
				35B159792CF4B9AF00C7B417 /* Carry1stCommerce */,
				35B1598A2CF4B9B200C7B417 /* Carry1stCommerceTests */,
				35B159782CF4B9AF00C7B417 /* Products */,
			);
			sourceTree = "<group>";
		};
		35B159782CF4B9AF00C7B417 /* Products */ = {
			isa = PBXGroup;
			children = (
				35B159772CF4B9AF00C7B417 /* Carry1stCommerce.app */,
				35B159872CF4B9B200C7B417 /* Carry1stCommerceTests.xctest */,
			);
			name = Products;
			sourceTree = "<group>";
		};
		35B159792CF4B9AF00C7B417 /* Carry1stCommerce */ = {
			isa = PBXGroup;
			children = (
				35B159A52CF4BC7000C7B417 /* Core */,
				35B159C82CF4F0A300C7B417 /* Components */,
				35B159A42CF4BC6500C7B417 /* Features */,
				35B1597A2CF4B9AF00C7B417 /* Carry1stCommerceApp.swift */,
				35B1597C2CF4B9AF00C7B417 /* RootView.swift */,
				35B1597E2CF4B9B100C7B417 /* Assets.xcassets */,
				35B159802CF4B9B100C7B417 /* Preview Content */,
			);
			path = Carry1stCommerce;
			sourceTree = "<group>";
		};
		35B159802CF4B9B100C7B417 /* Preview Content */ = {
			isa = PBXGroup;
			children = (
				35B159812CF4B9B100C7B417 /* Preview Assets.xcassets */,
			);
			path = "Preview Content";
			sourceTree = "<group>";
		};
		35B1598A2CF4B9B200C7B417 /* Carry1stCommerceTests */ = {
			isa = PBXGroup;
			children = (
				351331A92CF915A800C86945 /* Mocks */,
				354C4A412CF77F4D00F4C06B /* LiveAPIServiceTests.swift */,
				3537B34A2CF5DAAE007C117B /* ProductViewModelTests.swift */,
				354C4A3F2CF77A1C00F4C06B /* CartServiceTests.swift */,
				354C4A3D2CF775A200F4C06B /* CartManagerViewModelTests.swift */,
			);
			path = Carry1stCommerceTests;
			sourceTree = "<group>";
		};
		35B159A42CF4BC6500C7B417 /* Features */ = {
			isa = PBXGroup;
			children = (
				35B159A92CF4BC9500C7B417 /* Product */,
				35B159AB2CF4BCC100C7B417 /* Cart */,
			);
			path = Features;
			sourceTree = "<group>";
		};
		35B159A52CF4BC7000C7B417 /* Core */ = {
			isa = PBXGroup;
			children = (
				35B159A72CF4BC8000C7B417 /* HTTPClient */,
				35B159BB2CF4EC5500C7B417 /* NetworkService */,
				35B159A62CF4BC7700C7B417 /* Models */,
			);
			path = Core;
			sourceTree = "<group>";
		};
		35B159A62CF4BC7700C7B417 /* Models */ = {
			isa = PBXGroup;
			children = (
				35B159AD2CF4BF8D00C7B417 /* Product.swift */,
				35B159AF2CF4D83C00C7B417 /* CartItem.swift */,
				3537B3462CF5D4C7007C117B /* AlertData.swift */,
			);
			path = Models;
			sourceTree = "<group>";
		};
		35B159A72CF4BC8000C7B417 /* HTTPClient */ = {
			isa = PBXGroup;
			children = (
				35B159B92CF4EBFF00C7B417 /* Endpoint.swift */,
				35B159B12CF4DE2300C7B417 /* RequestError.swift */,
				35B159B32CF4DFA200C7B417 /* HTTPMethod.swift */,
				35B159BC2CF4EC8000C7B417 /* HTTPClient.swift */,
			);
			path = HTTPClient;
			sourceTree = "<group>";
		};
		35B159A92CF4BC9500C7B417 /* Product */ = {
			isa = PBXGroup;
			children = (
				3537B34E2CF5E5BB007C117B /* View */,
				3537B3442CF5D40D007C117B /* ProductViewModel.swift */,
			);
			path = Product;
			sourceTree = "<group>";
		};
		35B159AB2CF4BCC100C7B417 /* Cart */ = {
			isa = PBXGroup;
			children = (
				35C385E42CF697AA00628644 /* View */,
				3537B3532CF5EA7C007C117B /* CartManagerViewModel.swift */,
				35C385E22CF6971A00628644 /* CartService.swift */,
			);
			path = Cart;
			sourceTree = "<group>";
		};
		35B159BB2CF4EC5500C7B417 /* NetworkService */ = {
			isa = PBXGroup;
			children = (
				35B159BE2CF4ECC700C7B417 /* Endpoints.swift */,
				35B159C02CF4EE0000C7B417 /* APIService.swift */,
				35B159C22CF4EE7500C7B417 /* ImageLoader.swift */,
			);
			path = NetworkService;
			sourceTree = "<group>";
		};
		35B159C82CF4F0A300C7B417 /* Components */ = {
			isa = PBXGroup;
			children = (
				35B159C92CF4F0AB00C7B417 /* URLImage.swift */,
				3502E1022CFA1D18002D8DBC /* QuantityLimitAlertView.swift */,
			);
			path = Components;
			sourceTree = "<group>";
		};
		35C385E42CF697AA00628644 /* View */ = {
			isa = PBXGroup;
			children = (
				3537B3592CF5EC63007C117B /* CartView.swift */,
				3537B34C2CF5DDF0007C117B /* CartBadgeView.swift */,
			);
			path = View;
			sourceTree = "<group>";
		};
/* End PBXGroup section */

/* Begin PBXNativeTarget section */
		35B159762CF4B9AF00C7B417 /* Carry1stCommerce */ = {
			isa = PBXNativeTarget;
			buildConfigurationList = 35B1599B2CF4B9B200C7B417 /* Build configuration list for PBXNativeTarget "Carry1stCommerce" */;
			buildPhases = (
				35B159732CF4B9AF00C7B417 /* Sources */,
				35B159742CF4B9AF00C7B417 /* Frameworks */,
				35B159752CF4B9AF00C7B417 /* Resources */,
			);
			buildRules = (
			);
			dependencies = (
			);
			name = Carry1stCommerce;
			productName = Carry1stCommerce;
			productReference = 35B159772CF4B9AF00C7B417 /* Carry1stCommerce.app */;
			productType = "com.apple.product-type.application";
		};
		35B159862CF4B9B200C7B417 /* Carry1stCommerceTests */ = {
			isa = PBXNativeTarget;
			buildConfigurationList = 35B1599E2CF4B9B200C7B417 /* Build configuration list for PBXNativeTarget "Carry1stCommerceTests" */;
			buildPhases = (
				35B159832CF4B9B200C7B417 /* Sources */,
				35B159842CF4B9B200C7B417 /* Frameworks */,
				35B159852CF4B9B200C7B417 /* Resources */,
			);
			buildRules = (
			);
			dependencies = (
				35B159892CF4B9B200C7B417 /* PBXTargetDependency */,
			);
			name = Carry1stCommerceTests;
			productName = Carry1stCommerceTests;
			productReference = 35B159872CF4B9B200C7B417 /* Carry1stCommerceTests.xctest */;
			productType = "com.apple.product-type.bundle.unit-test";
		};
/* End PBXNativeTarget section */

/* Begin PBXProject section */
		35B1596F2CF4B9AF00C7B417 /* Project object */ = {
			isa = PBXProject;
			attributes = {
				BuildIndependentTargetsInParallel = 1;
				LastSwiftUpdateCheck = 1530;
				LastUpgradeCheck = 1530;
				TargetAttributes = {
					35B159762CF4B9AF00C7B417 = {
						CreatedOnToolsVersion = 15.3;
					};
					35B159862CF4B9B200C7B417 = {
						CreatedOnToolsVersion = 15.3;
						TestTargetID = 35B159762CF4B9AF00C7B417;
					};
				};
			};
			buildConfigurationList = 35B159722CF4B9AF00C7B417 /* Build configuration list for PBXProject "Carry1stCommerce" */;
			compatibilityVersion = "Xcode 14.0";
			developmentRegion = en;
			hasScannedForEncodings = 0;
			knownRegions = (
				en,
				Base,
			);
			mainGroup = 35B1596E2CF4B9AF00C7B417;
			productRefGroup = 35B159782CF4B9AF00C7B417 /* Products */;
			projectDirPath = "";
			projectRoot = "";
			targets = (
				35B159762CF4B9AF00C7B417 /* Carry1stCommerce */,
				35B159862CF4B9B200C7B417 /* Carry1stCommerceTests */,
			);
		};
/* End PBXProject section */

/* Begin PBXResourcesBuildPhase section */
		35B159752CF4B9AF00C7B417 /* Resources */ = {
			isa = PBXResourcesBuildPhase;
			buildActionMask = 2147483647;
			files = (
				35B159822CF4B9B100C7B417 /* Preview Assets.xcassets in Resources */,
				35B1597F2CF4B9B100C7B417 /* Assets.xcassets in Resources */,
			);
			runOnlyForDeploymentPostprocessing = 0;
		};
		35B159852CF4B9B200C7B417 /* Resources */ = {
			isa = PBXResourcesBuildPhase;
			buildActionMask = 2147483647;
			files = (
			);
			runOnlyForDeploymentPostprocessing = 0;
		};
/* End PBXResourcesBuildPhase section */

/* Begin PBXSourcesBuildPhase section */
		35B159732CF4B9AF00C7B417 /* Sources */ = {
			isa = PBXSourcesBuildPhase;
			buildActionMask = 2147483647;
			files = (
				35C385E32CF6971A00628644 /* CartService.swift in Sources */,
				35B159BA2CF4EBFF00C7B417 /* Endpoint.swift in Sources */,
				3502E1032CFA1D18002D8DBC /* QuantityLimitAlertView.swift in Sources */,
				3537B3502CF5E952007C117B /* ProductDetailView.swift in Sources */,
				35B159B22CF4DE2300C7B417 /* RequestError.swift in Sources */,
				35B159BD2CF4EC8000C7B417 /* HTTPClient.swift in Sources */,
				35B159B42CF4DFA200C7B417 /* HTTPMethod.swift in Sources */,
				35B1597D2CF4B9AF00C7B417 /* RootView.swift in Sources */,
				3537B3562CF5EB32007C117B /* ProductListView.swift in Sources */,
				3537B3542CF5EA7C007C117B /* CartManagerViewModel.swift in Sources */,
				35B159C32CF4EE7500C7B417 /* ImageLoader.swift in Sources */,
				35B159CA2CF4F0AB00C7B417 /* URLImage.swift in Sources */,
				3537B35A2CF5EC63007C117B /* CartView.swift in Sources */,
				35B1597B2CF4B9AF00C7B417 /* Carry1stCommerceApp.swift in Sources */,
				35B159C12CF4EE0000C7B417 /* APIService.swift in Sources */,
				35B159B02CF4D83C00C7B417 /* CartItem.swift in Sources */,
				3537B3472CF5D4C7007C117B /* AlertData.swift in Sources */,
				3537B34D2CF5DDF0007C117B /* CartBadgeView.swift in Sources */,
				35B159BF2CF4ECC700C7B417 /* Endpoints.swift in Sources */,
				3537B3582CF5EBF6007C117B /* ProductGridItem.swift in Sources */,
				35B159AE2CF4BF8D00C7B417 /* Product.swift in Sources */,
				3537B3452CF5D40D007C117B /* ProductViewModel.swift in Sources */,
			);
			runOnlyForDeploymentPostprocessing = 0;
		};
		35B159832CF4B9B200C7B417 /* Sources */ = {
			isa = PBXSourcesBuildPhase;
			buildActionMask = 2147483647;
			files = (
				354C4A422CF77F4D00F4C06B /* LiveAPIServiceTests.swift in Sources */,
				3537B34B2CF5DAAE007C117B /* ProductViewModelTests.swift in Sources */,
				354C4A3E2CF775A200F4C06B /* CartManagerViewModelTests.swift in Sources */,
				351331AD2CF9160800C86945 /* MockURLProtocol.swift in Sources */,
				354C4A402CF77A1C00F4C06B /* CartServiceTests.swift in Sources */,
				351331AB2CF915BA00C86945 /* MockCartService.swift in Sources */,
			);
			runOnlyForDeploymentPostprocessing = 0;
		};
/* End PBXSourcesBuildPhase section */

/* Begin PBXTargetDependency section */
		35B159892CF4B9B200C7B417 /* PBXTargetDependency */ = {
			isa = PBXTargetDependency;
			target = 35B159762CF4B9AF00C7B417 /* Carry1stCommerce */;
			targetProxy = 35B159882CF4B9B200C7B417 /* PBXContainerItemProxy */;
		};
/* End PBXTargetDependency section */

/* Begin XCBuildConfiguration section */
		35B159992CF4B9B200C7B417 /* Debug */ = {
			isa = XCBuildConfiguration;
			buildSettings = {
				ALWAYS_SEARCH_USER_PATHS = NO;
				ASSETCATALOG_COMPILER_GENERATE_SWIFT_ASSET_SYMBOL_EXTENSIONS = YES;
				CLANG_ANALYZER_NONNULL = YES;
				CLANG_ANALYZER_NUMBER_OBJECT_CONVERSION = YES_AGGRESSIVE;
				CLANG_CXX_LANGUAGE_STANDARD = "gnu++20";
				CLANG_ENABLE_MODULES = YES;
				CLANG_ENABLE_OBJC_ARC = YES;
				CLANG_ENABLE_OBJC_WEAK = YES;
				CLANG_WARN_BLOCK_CAPTURE_AUTORELEASING = YES;
				CLANG_WARN_BOOL_CONVERSION = YES;
				CLANG_WARN_COMMA = YES;
				CLANG_WARN_CONSTANT_CONVERSION = YES;
				CLANG_WARN_DEPRECATED_OBJC_IMPLEMENTATIONS = YES;
				CLANG_WARN_DIRECT_OBJC_ISA_USAGE = YES_ERROR;
				CLANG_WARN_DOCUMENTATION_COMMENTS = YES;
				CLANG_WARN_EMPTY_BODY = YES;
				CLANG_WARN_ENUM_CONVERSION = YES;
				CLANG_WARN_INFINITE_RECURSION = YES;
				CLANG_WARN_INT_CONVERSION = YES;
				CLANG_WARN_NON_LITERAL_NULL_CONVERSION = YES;
				CLANG_WARN_OBJC_IMPLICIT_RETAIN_SELF = YES;
				CLANG_WARN_OBJC_LITERAL_CONVERSION = YES;
				CLANG_WARN_OBJC_ROOT_CLASS = YES_ERROR;
				CLANG_WARN_QUOTED_INCLUDE_IN_FRAMEWORK_HEADER = YES;
				CLANG_WARN_RANGE_LOOP_ANALYSIS = YES;
				CLANG_WARN_STRICT_PROTOTYPES = YES;
				CLANG_WARN_SUSPICIOUS_MOVE = YES;
				CLANG_WARN_UNGUARDED_AVAILABILITY = YES_AGGRESSIVE;
				CLANG_WARN_UNREACHABLE_CODE = YES;
				CLANG_WARN__DUPLICATE_METHOD_MATCH = YES;
				COPY_PHASE_STRIP = NO;
				DEBUG_INFORMATION_FORMAT = dwarf;
				ENABLE_STRICT_OBJC_MSGSEND = YES;
				ENABLE_TESTABILITY = YES;
				ENABLE_USER_SCRIPT_SANDBOXING = YES;
				GCC_C_LANGUAGE_STANDARD = gnu17;
				GCC_DYNAMIC_NO_PIC = NO;
				GCC_NO_COMMON_BLOCKS = YES;
				GCC_OPTIMIZATION_LEVEL = 0;
				GCC_PREPROCESSOR_DEFINITIONS = (
					"DEBUG=1",
					"$(inherited)",
				);
				GCC_WARN_64_TO_32_BIT_CONVERSION = YES;
				GCC_WARN_ABOUT_RETURN_TYPE = YES_ERROR;
				GCC_WARN_UNDECLARED_SELECTOR = YES;
				GCC_WARN_UNINITIALIZED_AUTOS = YES_AGGRESSIVE;
				GCC_WARN_UNUSED_FUNCTION = YES;
				GCC_WARN_UNUSED_VARIABLE = YES;
				IPHONEOS_DEPLOYMENT_TARGET = 17.0;
				LOCALIZATION_PREFERS_STRING_CATALOGS = YES;
				MTL_ENABLE_DEBUG_INFO = INCLUDE_SOURCE;
				MTL_FAST_MATH = YES;
				ONLY_ACTIVE_ARCH = YES;
				SDKROOT = iphoneos;
				SWIFT_ACTIVE_COMPILATION_CONDITIONS = "DEBUG $(inherited)";
				SWIFT_OPTIMIZATION_LEVEL = "-Onone";
			};
			name = Debug;
		};
		35B1599A2CF4B9B200C7B417 /* Release */ = {
			isa = XCBuildConfiguration;
			buildSettings = {
				ALWAYS_SEARCH_USER_PATHS = NO;
				ASSETCATALOG_COMPILER_GENERATE_SWIFT_ASSET_SYMBOL_EXTENSIONS = YES;
				CLANG_ANALYZER_NONNULL = YES;
				CLANG_ANALYZER_NUMBER_OBJECT_CONVERSION = YES_AGGRESSIVE;
				CLANG_CXX_LANGUAGE_STANDARD = "gnu++20";
				CLANG_ENABLE_MODULES = YES;
				CLANG_ENABLE_OBJC_ARC = YES;
				CLANG_ENABLE_OBJC_WEAK = YES;
				CLANG_WARN_BLOCK_CAPTURE_AUTORELEASING = YES;
				CLANG_WARN_BOOL_CONVERSION = YES;
				CLANG_WARN_COMMA = YES;
				CLANG_WARN_CONSTANT_CONVERSION = YES;
				CLANG_WARN_DEPRECATED_OBJC_IMPLEMENTATIONS = YES;
				CLANG_WARN_DIRECT_OBJC_ISA_USAGE = YES_ERROR;
				CLANG_WARN_DOCUMENTATION_COMMENTS = YES;
				CLANG_WARN_EMPTY_BODY = YES;
				CLANG_WARN_ENUM_CONVERSION = YES;
				CLANG_WARN_INFINITE_RECURSION = YES;
				CLANG_WARN_INT_CONVERSION = YES;
				CLANG_WARN_NON_LITERAL_NULL_CONVERSION = YES;
				CLANG_WARN_OBJC_IMPLICIT_RETAIN_SELF = YES;
				CLANG_WARN_OBJC_LITERAL_CONVERSION = YES;
				CLANG_WARN_OBJC_ROOT_CLASS = YES_ERROR;
				CLANG_WARN_QUOTED_INCLUDE_IN_FRAMEWORK_HEADER = YES;
				CLANG_WARN_RANGE_LOOP_ANALYSIS = YES;
				CLANG_WARN_STRICT_PROTOTYPES = YES;
				CLANG_WARN_SUSPICIOUS_MOVE = YES;
				CLANG_WARN_UNGUARDED_AVAILABILITY = YES_AGGRESSIVE;
				CLANG_WARN_UNREACHABLE_CODE = YES;
				CLANG_WARN__DUPLICATE_METHOD_MATCH = YES;
				COPY_PHASE_STRIP = NO;
				DEBUG_INFORMATION_FORMAT = "dwarf-with-dsym";
				ENABLE_NS_ASSERTIONS = NO;
				ENABLE_STRICT_OBJC_MSGSEND = YES;
				ENABLE_USER_SCRIPT_SANDBOXING = YES;
				GCC_C_LANGUAGE_STANDARD = gnu17;
				GCC_NO_COMMON_BLOCKS = YES;
				GCC_WARN_64_TO_32_BIT_CONVERSION = YES;
				GCC_WARN_ABOUT_RETURN_TYPE = YES_ERROR;
				GCC_WARN_UNDECLARED_SELECTOR = YES;
				GCC_WARN_UNINITIALIZED_AUTOS = YES_AGGRESSIVE;
				GCC_WARN_UNUSED_FUNCTION = YES;
				GCC_WARN_UNUSED_VARIABLE = YES;
				IPHONEOS_DEPLOYMENT_TARGET = 17.0;
				LOCALIZATION_PREFERS_STRING_CATALOGS = YES;
				MTL_ENABLE_DEBUG_INFO = NO;
				MTL_FAST_MATH = YES;
				SDKROOT = iphoneos;
				SWIFT_COMPILATION_MODE = wholemodule;
				VALIDATE_PRODUCT = YES;
			};
			name = Release;
		};
		35B1599C2CF4B9B200C7B417 /* Debug */ = {
			isa = XCBuildConfiguration;
			buildSettings = {
				ASSETCATALOG_COMPILER_APPICON_NAME = AppIcon;
				ASSETCATALOG_COMPILER_GLOBAL_ACCENT_COLOR_NAME = AccentColor;
				CODE_SIGN_STYLE = Automatic;
				CURRENT_PROJECT_VERSION = 1;
				DEVELOPMENT_ASSET_PATHS = "\"Carry1stCommerce/Preview Content\"";
				DEVELOPMENT_TEAM = J288PKR5UX;
				ENABLE_PREVIEWS = YES;
				GENERATE_INFOPLIST_FILE = YES;
				INFOPLIST_KEY_UIApplicationSceneManifest_Generation = YES;
				INFOPLIST_KEY_UIApplicationSupportsIndirectInputEvents = YES;
				INFOPLIST_KEY_UILaunchScreen_Generation = YES;
				INFOPLIST_KEY_UISupportedInterfaceOrientations_iPad = "UIInterfaceOrientationPortrait UIInterfaceOrientationPortraitUpsideDown UIInterfaceOrientationLandscapeLeft UIInterfaceOrientationLandscapeRight";
				INFOPLIST_KEY_UISupportedInterfaceOrientations_iPhone = "UIInterfaceOrientationPortrait UIInterfaceOrientationLandscapeLeft UIInterfaceOrientationLandscapeRight";
				LD_RUNPATH_SEARCH_PATHS = (
					"$(inherited)",
					"@executable_path/Frameworks",
				);
				MARKETING_VERSION = 1.0;
				PRODUCT_BUNDLE_IDENTIFIER = com.ayodejiayankola.Carry1stCommerce;
				PRODUCT_NAME = "$(TARGET_NAME)";
				SWIFT_EMIT_LOC_STRINGS = YES;
				SWIFT_VERSION = 5.0;
				TARGETED_DEVICE_FAMILY = "1,2";
			};
			name = Debug;
		};
		35B1599D2CF4B9B200C7B417 /* Release */ = {
			isa = XCBuildConfiguration;
			buildSettings = {
				ASSETCATALOG_COMPILER_APPICON_NAME = AppIcon;
				ASSETCATALOG_COMPILER_GLOBAL_ACCENT_COLOR_NAME = AccentColor;
				CODE_SIGN_STYLE = Automatic;
				CURRENT_PROJECT_VERSION = 1;
				DEVELOPMENT_ASSET_PATHS = "\"Carry1stCommerce/Preview Content\"";
				DEVELOPMENT_TEAM = J288PKR5UX;
				ENABLE_PREVIEWS = YES;
				GENERATE_INFOPLIST_FILE = YES;
				INFOPLIST_KEY_UIApplicationSceneManifest_Generation = YES;
				INFOPLIST_KEY_UIApplicationSupportsIndirectInputEvents = YES;
				INFOPLIST_KEY_UILaunchScreen_Generation = YES;
				INFOPLIST_KEY_UISupportedInterfaceOrientations_iPad = "UIInterfaceOrientationPortrait UIInterfaceOrientationPortraitUpsideDown UIInterfaceOrientationLandscapeLeft UIInterfaceOrientationLandscapeRight";
				INFOPLIST_KEY_UISupportedInterfaceOrientations_iPhone = "UIInterfaceOrientationPortrait UIInterfaceOrientationLandscapeLeft UIInterfaceOrientationLandscapeRight";
				LD_RUNPATH_SEARCH_PATHS = (
					"$(inherited)",
					"@executable_path/Frameworks",
				);
				MARKETING_VERSION = 1.0;
				PRODUCT_BUNDLE_IDENTIFIER = com.ayodejiayankola.Carry1stCommerce;
				PRODUCT_NAME = "$(TARGET_NAME)";
				SWIFT_EMIT_LOC_STRINGS = YES;
				SWIFT_VERSION = 5.0;
				TARGETED_DEVICE_FAMILY = "1,2";
			};
			name = Release;
		};
		35B1599F2CF4B9B200C7B417 /* Debug */ = {
			isa = XCBuildConfiguration;
			buildSettings = {
				ALWAYS_EMBED_SWIFT_STANDARD_LIBRARIES = YES;
				BUNDLE_LOADER = "$(TEST_HOST)";
				CODE_SIGN_STYLE = Automatic;
				CURRENT_PROJECT_VERSION = 1;
				DEVELOPMENT_TEAM = J288PKR5UX;
				GENERATE_INFOPLIST_FILE = YES;
				IPHONEOS_DEPLOYMENT_TARGET = 17.4;
				MARKETING_VERSION = 1.0;
				PRODUCT_BUNDLE_IDENTIFIER = com.ayodejiayankola.Carry1stCommerceTests;
				PRODUCT_NAME = "$(TARGET_NAME)";
				SWIFT_EMIT_LOC_STRINGS = NO;
				SWIFT_VERSION = 5.0;
				TARGETED_DEVICE_FAMILY = "1,2";
				TEST_HOST = "$(BUILT_PRODUCTS_DIR)/Carry1stCommerce.app/$(BUNDLE_EXECUTABLE_FOLDER_PATH)/Carry1stCommerce";
			};
			name = Debug;
		};
		35B159A02CF4B9B200C7B417 /* Release */ = {
			isa = XCBuildConfiguration;
			buildSettings = {
				ALWAYS_EMBED_SWIFT_STANDARD_LIBRARIES = YES;
				BUNDLE_LOADER = "$(TEST_HOST)";
				CODE_SIGN_STYLE = Automatic;
				CURRENT_PROJECT_VERSION = 1;
				DEVELOPMENT_TEAM = J288PKR5UX;
				GENERATE_INFOPLIST_FILE = YES;
				IPHONEOS_DEPLOYMENT_TARGET = 17.4;
				MARKETING_VERSION = 1.0;
				PRODUCT_BUNDLE_IDENTIFIER = com.ayodejiayankola.Carry1stCommerceTests;
				PRODUCT_NAME = "$(TARGET_NAME)";
				SWIFT_EMIT_LOC_STRINGS = NO;
				SWIFT_VERSION = 5.0;
				TARGETED_DEVICE_FAMILY = "1,2";
				TEST_HOST = "$(BUILT_PRODUCTS_DIR)/Carry1stCommerce.app/$(BUNDLE_EXECUTABLE_FOLDER_PATH)/Carry1stCommerce";
			};
			name = Release;
		};
/* End XCBuildConfiguration section */

/* Begin XCConfigurationList section */
		35B159722CF4B9AF00C7B417 /* Build configuration list for PBXProject "Carry1stCommerce" */ = {
			isa = XCConfigurationList;
			buildConfigurations = (
				35B159992CF4B9B200C7B417 /* Debug */,
				35B1599A2CF4B9B200C7B417 /* Release */,
			);
			defaultConfigurationIsVisible = 0;
			defaultConfigurationName = Release;
		};
		35B1599B2CF4B9B200C7B417 /* Build configuration list for PBXNativeTarget "Carry1stCommerce" */ = {
			isa = XCConfigurationList;
			buildConfigurations = (
				35B1599C2CF4B9B200C7B417 /* Debug */,
				35B1599D2CF4B9B200C7B417 /* Release */,
			);
			defaultConfigurationIsVisible = 0;
			defaultConfigurationName = Release;
		};
		35B1599E2CF4B9B200C7B417 /* Build configuration list for PBXNativeTarget "Carry1stCommerceTests" */ = {
			isa = XCConfigurationList;
			buildConfigurations = (
				35B1599F2CF4B9B200C7B417 /* Debug */,
				35B159A02CF4B9B200C7B417 /* Release */,
			);
			defaultConfigurationIsVisible = 0;
			defaultConfigurationName = Release;
		};
/* End XCConfigurationList section */
	};
	rootObject = 35B1596F2CF4B9AF00C7B417 /* Project object */;
}
